
Microsoft Visual Studio Solution File, Format Version 12.00
# Visual Studio Version 17
VisualStudioVersion = 17.3.32819.101
MinimumVisualStudioVersion = 10.0.40219.1
Project("{9A19103F-16F7-4668-BE54-9A1E7A4F7556}") = "puzzle.backend.coding.callenge.NETCore", "puzzle.backend.coding.callenge.NETCore\puzzle.backend.coding.callenge.NETCore.csproj", "{210CC0A7-C040-45FA-B94C-9795A75EB6F3}"
EndProject
Project("{9A19103F-16F7-4668-BE54-9A1E7A4F7556}") = "puzzle.backend.coding.callenge.NETCore.Tests", "puzzle.backend.coding.callenge.NETCore.Tests\puzzle.backend.coding.callenge.NETCore.Tests.csproj", "{FE8D587E-82D8-4B0F-87BC-AFC33870532D}"
EndProject
Global
	GlobalSection(SolutionConfigurationPlatforms) = preSolution
		Debug|Any CPU = Debug|Any CPU
		Release|Any CPU = Release|Any CPU
	EndGlobalSection
	GlobalSection(ProjectConfigurationPlatforms) = postSolution
		{210CC0A7-C040-45FA-B94C-9795A75EB6F3}.Debug|Any CPU.ActiveCfg = Debug|Any CPU
		{210CC0A7-C040-45FA-B94C-9795A75EB6F3}.Debug|Any CPU.Build.0 = Debug|Any CPU
		{210CC0A7-C040-45FA-B94C-9795A75EB6F3}.Release|Any CPU.ActiveCfg = Release|Any CPU
		{210CC0A7-C040-45FA-B94C-9795A75EB6F3}.Release|Any CPU.Build.0 = Release|Any CPU
		{FE8D587E-82D8-4B0F-87BC-AFC33870532D}.Debug|Any CPU.ActiveCfg = Debug|Any CPU
		{FE8D587E-82D8-4B0F-87BC-AFC33870532D}.Debug|Any CPU.Build.0 = Debug|Any CPU
		{FE8D587E-82D8-4B0F-87BC-AFC33870532D}.Release|Any CPU.ActiveCfg = Release|Any CPU
		{FE8D587E-82D8-4B0F-87BC-AFC33870532D}.Release|Any CPU.Build.0 = Release|Any CPU
	EndGlobalSection
	GlobalSection(SolutionProperties) = preSolution
		HideSolutionNode = FALSE
	EndGlobalSection
	GlobalSection(ExtensibilityGlobals) = postSolution
		SolutionGuid = {5F314FFD-85DF-4249-9D41-B550A31A2C88}
	EndGlobalSection
EndGlobal
